[root]
name = "drossel"
version = "0.1.0"
dependencies = [
 "leveldb 0.1.0 (git+https://github.com/skade/leveldb.git#3626235461488f79b816296f7edf3a4259a5dd64)",
 "strand 0.1.0 (git+https://github.com/skade/strand.git#1e31eb38fef06e0a0a002372dac1934c081b1e78)",
]

[[package]]
name = "leveldb"
version = "0.1.0"
source = "git+https://github.com/skade/leveldb.git#3626235461488f79b816296f7edf3a4259a5dd64"

[[package]]
name = "strand"
version = "0.1.0"
source = "git+https://github.com/skade/strand.git#1e31eb38fef06e0a0a002372dac1934c081b1e78"

