[root]
name = "drossel"
version = "0.1.0"
dependencies = [
 "strand 0.1.0 (git+https://github.com/skade/strand.git#08c4306a47936bca1e82c2f855bb9219b0fd7838)",
]

[[package]]
name = "strand"
version = "0.1.0"
source = "git+https://github.com/skade/strand.git#08c4306a47936bca1e82c2f855bb9219b0fd7838"

